
Microsoft Visual Studio Solution File, Format Version 12.00
# Visual Studio 15
VisualStudioVersion = 15.0.26403.7
MinimumVisualStudioVersion = 10.0.40219.1
Project("{FAE04EC0-301F-11D3-BF4B-00C04F79EFBC}") = "CaptchaGen.NetCore", "CaptchaGen.NetCore\CaptchaGen.NetCore.csproj", "{F40F2D1D-A660-4E86-9111-8CF8C79DF29A}"
EndProject
Project("{FAE04EC0-301F-11D3-BF4B-00C04F79EFBC}") = "CaptchaGen.NetCore.Tests", "CaptchaGen.NetCore.Tests\CaptchaGen.NetCore.Tests.csproj", "{B0C58F4B-0053-4DDF-B76C-96B29BE62E71}"
EndProject
Global
	GlobalSection(SolutionConfigurationPlatforms) = preSolution
		Debug|Any CPU = Debug|Any CPU
		Release|Any CPU = Release|Any CPU
	EndGlobalSection
	GlobalSection(ProjectConfigurationPlatforms) = postSolution
		{F40F2D1D-A660-4E86-9111-8CF8C79DF29A}.Debug|Any CPU.ActiveCfg = Debug|Any CPU
		{F40F2D1D-A660-4E86-9111-8CF8C79DF29A}.Debug|Any CPU.Build.0 = Debug|Any CPU
		{F40F2D1D-A660-4E86-9111-8CF8C79DF29A}.Release|Any CPU.ActiveCfg = Release|Any CPU
		{F40F2D1D-A660-4E86-9111-8CF8C79DF29A}.Release|Any CPU.Build.0 = Release|Any CPU
		{B0C58F4B-0053-4DDF-B76C-96B29BE62E71}.Debug|Any CPU.ActiveCfg = Debug|Any CPU
		{B0C58F4B-0053-4DDF-B76C-96B29BE62E71}.Debug|Any CPU.Build.0 = Debug|Any CPU
		{B0C58F4B-0053-4DDF-B76C-96B29BE62E71}.Release|Any CPU.ActiveCfg = Release|Any CPU
		{B0C58F4B-0053-4DDF-B76C-96B29BE62E71}.Release|Any CPU.Build.0 = Release|Any CPU
	EndGlobalSection
	GlobalSection(SolutionProperties) = preSolution
		HideSolutionNode = FALSE
	EndGlobalSection
EndGlobal
